
Microsoft Visual Studio Solution File, Format Version 12.00
# Visual Studio Version 17
VisualStudioVersion = 17.6.33829.357
MinimumVisualStudioVersion = 10.0.40219.1
Project("{2150E333-8FDC-42A3-9474-1A3956D46DE8}") = "Chapter1", "Chapter1", "{807F1FD9-3099-4219-A37E-E7FF9386D1D3}"
EndProject
Project("{9A19103F-16F7-4668-BE54-9A1E7A4F7556}") = "SampleConsoleApp", "Chapter 1\SampleConsoleApp\SampleConsoleApp.csproj", "{B88BF866-7DEC-44C5-8355-3248F09D0B76}"
EndProject
Project("{2150E333-8FDC-42A3-9474-1A3956D46DE8}") = "Chapter2", "Chapter2", "{819EDFAB-A55A-4A8B-A6FC-35D4DCBA4148}"
EndProject
Project("{2150E333-8FDC-42A3-9474-1A3956D46DE8}") = "Chapter3", "Chapter3", "{8E38F12F-4DCA-4BEC-A8C7-50882F87F482}"
EndProject
Project("{2150E333-8FDC-42A3-9474-1A3956D46DE8}") = "Chapter4", "Chapter4", "{0DBBBFE2-9889-40EC-94D0-DB18C3898412}"
EndProject
Project("{2150E333-8FDC-42A3-9474-1A3956D46DE8}") = "Chapter5", "Chapter5", "{E0281330-9989-4F63-9797-3A81E3D88FFA}"
EndProject
Project("{FAE04EC0-301F-11D3-BF4B-00C04F79EFBC}") = "VSIXAnatomy", "Chapter 2\VSIXAnatomy\VSIXAnatomy.csproj", "{3557CD16-1902-41D5-9220-589D3194F92F}"
EndProject
Project("{FAE04EC0-301F-11D3-BF4B-00C04F79EFBC}") = "ToolsMenuCommand", "Chapter 3\ToolsMenuCommand\ToolsMenuCommand.csproj", "{728CBA5C-DF35-4126-AF30-F872BFDC67B3}"
EndProject
Project("{FAE04EC0-301F-11D3-BF4B-00C04F79EFBC}") = "ExternalSearch", "Chapter 4\ExternalSearch\ExternalSearch.csproj", "{563DEA27-0667-4DAE-9A2F-C68062D655C4}"
EndProject
Project("{FAE04EC0-301F-11D3-BF4B-00C04F79EFBC}") = "PropertiesToolWindow", "Chapter 4\PropertiesToolWindow\PropertiesToolWindow.csproj", "{E5382F55-C8AE-4DDC-A806-0CFE25C9488E}"
EndProject
Project("{FAE04EC0-301F-11D3-BF4B-00C04F79EFBC}") = "DisplayNotifications", "Chapter 5\DisplayNotifications\DisplayNotifications.csproj", "{85707536-285E-4B51-93D8-9369FF01C5C8}"
EndProject
Project("{FAE04EC0-301F-11D3-BF4B-00C04F79EFBC}") = "JsonToCSharpCodeGeneration", "Chapter 5\JsonToCSharpCodeGeneration\JsonToCSharpCodeGeneration.csproj", "{5FCEA0B6-7884-4C8F-8018-A0580E17C651}"
EndProject
Project("{9A19103F-16F7-4668-BE54-9A1E7A4F7556}") = "JsonApp", "Chapter 5\JsonApp\JsonApp.csproj", "{648669B8-0BF2-4DD7-B317-53AA91BCA7A3}"
EndProject
Project("{2150E333-8FDC-42A3-9474-1A3956D46DE8}") = "Chapter7", "Chapter7", "{82C60A8C-3965-42A9-A132-4B20CCFE111E}"
EndProject
Project("{FAE04EC0-301F-11D3-BF4B-00C04F79EFBC}") = "AsyncSnippet", "Chapter 7\AsyncSnippet\AsyncSnippet.csproj", "{9DCB66AD-8CD8-4F30-8C1C-B06B567CBA79}"
EndProject
Project("{9A19103F-16F7-4668-BE54-9A1E7A4F7556}") = "ConnectedServiceDemo", "Chapter 7\ConnectedServiceDemo\ConnectedServiceDemo.csproj", "{E8B03C5E-CAFF-4CFF-888F-072CDE9E8AE0}"
EndProject
Project("{FAE04EC0-301F-11D3-BF4B-00C04F79EFBC}") = "ConnectedService", "Chapter 7\ConnectedService\ConnectedService.csproj", "{9785E8D6-BB81-4C15-B4CD-BAE4E93569DD}"
EndProject
Project("{2150E333-8FDC-42A3-9474-1A3956D46DE8}") = "Chapter8", "Chapter8", "{0B027C57-568A-4013-A990-4FC98E6D0AA1}"
EndProject
Project("{FAE04EC0-301F-11D3-BF4B-00C04F79EFBC}") = "ExtensionGallery", "Chapter 8\ExtensionGallery\ExtensionGallery.csproj", "{CC213922-86EF-4431-B29F-C6744556A748}"
EndProject
Project("{2150E333-8FDC-42A3-9474-1A3956D46DE8}") = "Chapter9", "Chapter9", "{42A6B588-D708-4779-96A2-67F28CA9EBA4}"
EndProject
Project("{FAE04EC0-301F-11D3-BF4B-00C04F79EFBC}") = "MyExtensionPack", "Chapter 9\MyExtensionPack\MyExtensionPack.csproj", "{3837D7D5-7458-4CE4-8D63-BFDAF844DFCF}"
EndProject
Project("{2150E333-8FDC-42A3-9474-1A3956D46DE8}") = "Chapter6", "Chapter6", "{C7690613-AA94-4E92-B879-3EACE796BB3C}"
EndProject
Project("{FAE04EC0-301F-11D3-BF4B-00C04F79EFBC}") = "ConfigureAwaitAnalyzer", "Chapter 6\ConfigureAwaitAnalyzer\ConfigureAwaitAnalyzer\ConfigureAwaitAnalyzer.csproj", "{F718A24B-D011-41F9-8467-4D1F1DEC538A}"
EndProject
Project("{FAE04EC0-301F-11D3-BF4B-00C04F79EFBC}") = "ConfigureAwaitAnalyzer.CodeFixes", "Chapter 6\ConfigureAwaitAnalyzer\ConfigureAwaitAnalyzer.CodeFixes\ConfigureAwaitAnalyzer.CodeFixes.csproj", "{CFE58BC0-68EB-4191-857C-B725909FA0CA}"
EndProject
Project("{FAE04EC0-301F-11D3-BF4B-00C04F79EFBC}") = "ConfigureAwaitAnalyzer.Package", "Chapter 6\ConfigureAwaitAnalyzer\ConfigureAwaitAnalyzer.Package\ConfigureAwaitAnalyzer.Package.csproj", "{F62AA38A-1E8F-43AE-80E3-BB5AB524FE27}"
EndProject
Project("{FAE04EC0-301F-11D3-BF4B-00C04F79EFBC}") = "ConfigureAwaitAnalyzer.Test", "Chapter 6\ConfigureAwaitAnalyzer\ConfigureAwaitAnalyzer.Test\ConfigureAwaitAnalyzer.Test.csproj", "{2A9732BC-8ED7-4974-986F-4715E3EF6BD4}"
EndProject
Project("{FAE04EC0-301F-11D3-BF4B-00C04F79EFBC}") = "ConfigureAwaitAnalyzer.Vsix", "Chapter 6\ConfigureAwaitAnalyzer\ConfigureAwaitAnalyzer.Vsix\ConfigureAwaitAnalyzer.Vsix.csproj", "{EC48580F-E2F5-4F30-9BB0-D121E94EE444}"
EndProject
Project("{FAE04EC0-301F-11D3-BF4B-00C04F79EFBC}") = "VarToStrongType", "Chapter 6\VarToStrongType\VarToStrongType\VarToStrongType.csproj", "{B148590C-15CC-4B94-AE9B-5A7420F72929}"
EndProject
Project("{FAE04EC0-301F-11D3-BF4B-00C04F79EFBC}") = "VarToStrongType.Vsix", "Chapter 6\VarToStrongType\VarToStrongType.Vsix\VarToStrongType.Vsix.csproj", "{5C65A412-F42D-4BF8-B337-3B38BF95B58E}"
EndProject
Project("{FAE04EC0-301F-11D3-BF4B-00C04F79EFBC}") = "CommentIntelliSense", "Chapter 6\CommentIntelliSense\CommentIntelliSense.csproj", "{79BA577D-9FFE-4958-84E7-B4904B3790E5}"
EndProject
Project("{FAE04EC0-301F-11D3-BF4B-00C04F79EFBC}") = "AICompanion", "Chapter 6\AICompanion\AICompanion.csproj", "{9582C6FA-5CE4-49CF-A05C-296E1DD479F5}"
EndProject
Global
	GlobalSection(SolutionConfigurationPlatforms) = preSolution
		Debug|Any CPU = Debug|Any CPU
		Debug|arm64 = Debug|arm64
		Debug|x86 = Debug|x86
		Release|Any CPU = Release|Any CPU
		Release|arm64 = Release|arm64
		Release|x86 = Release|x86
	EndGlobalSection
	GlobalSection(ProjectConfigurationPlatforms) = postSolution
		{B88BF866-7DEC-44C5-8355-3248F09D0B76}.Debug|Any CPU.ActiveCfg = Debug|Any CPU
		{B88BF866-7DEC-44C5-8355-3248F09D0B76}.Debug|arm64.ActiveCfg = Debug|Any CPU
		{B88BF866-7DEC-44C5-8355-3248F09D0B76}.Debug|arm64.Build.0 = Debug|Any CPU
		{B88BF866-7DEC-44C5-8355-3248F09D0B76}.Debug|x86.ActiveCfg = Debug|Any CPU
		{B88BF866-7DEC-44C5-8355-3248F09D0B76}.Debug|x86.Build.0 = Debug|Any CPU
		{B88BF866-7DEC-44C5-8355-3248F09D0B76}.Release|Any CPU.ActiveCfg = Release|Any CPU
		{B88BF866-7DEC-44C5-8355-3248F09D0B76}.Release|arm64.ActiveCfg = Release|Any CPU
		{B88BF866-7DEC-44C5-8355-3248F09D0B76}.Release|arm64.Build.0 = Release|Any CPU
		{B88BF866-7DEC-44C5-8355-3248F09D0B76}.Release|x86.ActiveCfg = Release|Any CPU
		{B88BF866-7DEC-44C5-8355-3248F09D0B76}.Release|x86.Build.0 = Release|Any CPU
		{3557CD16-1902-41D5-9220-589D3194F92F}.Debug|Any CPU.ActiveCfg = Debug|Any CPU
		{3557CD16-1902-41D5-9220-589D3194F92F}.Debug|Any CPU.Build.0 = Debug|Any CPU
		{3557CD16-1902-41D5-9220-589D3194F92F}.Debug|arm64.ActiveCfg = Debug|Any CPU
		{3557CD16-1902-41D5-9220-589D3194F92F}.Debug|arm64.Build.0 = Debug|Any CPU
		{3557CD16-1902-41D5-9220-589D3194F92F}.Debug|x86.ActiveCfg = Debug|Any CPU
		{3557CD16-1902-41D5-9220-589D3194F92F}.Debug|x86.Build.0 = Debug|Any CPU
		{3557CD16-1902-41D5-9220-589D3194F92F}.Release|Any CPU.ActiveCfg = Release|Any CPU
		{3557CD16-1902-41D5-9220-589D3194F92F}.Release|Any CPU.Build.0 = Release|Any CPU
		{3557CD16-1902-41D5-9220-589D3194F92F}.Release|arm64.ActiveCfg = Release|Any CPU
		{3557CD16-1902-41D5-9220-589D3194F92F}.Release|arm64.Build.0 = Release|Any CPU
		{3557CD16-1902-41D5-9220-589D3194F92F}.Release|x86.ActiveCfg = Release|Any CPU
		{3557CD16-1902-41D5-9220-589D3194F92F}.Release|x86.Build.0 = Release|Any CPU
		{728CBA5C-DF35-4126-AF30-F872BFDC67B3}.Debug|Any CPU.ActiveCfg = Debug|Any CPU
		{728CBA5C-DF35-4126-AF30-F872BFDC67B3}.Debug|Any CPU.Build.0 = Debug|Any CPU
		{728CBA5C-DF35-4126-AF30-F872BFDC67B3}.Debug|arm64.ActiveCfg = Debug|arm64
		{728CBA5C-DF35-4126-AF30-F872BFDC67B3}.Debug|arm64.Build.0 = Debug|arm64
		{728CBA5C-DF35-4126-AF30-F872BFDC67B3}.Debug|x86.ActiveCfg = Debug|x86
		{728CBA5C-DF35-4126-AF30-F872BFDC67B3}.Debug|x86.Build.0 = Debug|x86
		{728CBA5C-DF35-4126-AF30-F872BFDC67B3}.Release|Any CPU.ActiveCfg = Release|Any CPU
		{728CBA5C-DF35-4126-AF30-F872BFDC67B3}.Release|Any CPU.Build.0 = Release|Any CPU
		{728CBA5C-DF35-4126-AF30-F872BFDC67B3}.Release|arm64.ActiveCfg = Release|arm64
		{728CBA5C-DF35-4126-AF30-F872BFDC67B3}.Release|arm64.Build.0 = Release|arm64
		{728CBA5C-DF35-4126-AF30-F872BFDC67B3}.Release|x86.ActiveCfg = Release|x86
		{728CBA5C-DF35-4126-AF30-F872BFDC67B3}.Release|x86.Build.0 = Release|x86
		{563DEA27-0667-4DAE-9A2F-C68062D655C4}.Debug|Any CPU.ActiveCfg = Debug|Any CPU
		{563DEA27-0667-4DAE-9A2F-C68062D655C4}.Debug|Any CPU.Build.0 = Debug|Any CPU
		{563DEA27-0667-4DAE-9A2F-C68062D655C4}.Debug|arm64.ActiveCfg = Debug|arm64
		{563DEA27-0667-4DAE-9A2F-C68062D655C4}.Debug|arm64.Build.0 = Debug|arm64
		{563DEA27-0667-4DAE-9A2F-C68062D655C4}.Debug|x86.ActiveCfg = Debug|x86
		{563DEA27-0667-4DAE-9A2F-C68062D655C4}.Debug|x86.Build.0 = Debug|x86
		{563DEA27-0667-4DAE-9A2F-C68062D655C4}.Release|Any CPU.ActiveCfg = Release|Any CPU
		{563DEA27-0667-4DAE-9A2F-C68062D655C4}.Release|Any CPU.Build.0 = Release|Any CPU
		{563DEA27-0667-4DAE-9A2F-C68062D655C4}.Release|arm64.ActiveCfg = Release|arm64
		{563DEA27-0667-4DAE-9A2F-C68062D655C4}.Release|arm64.Build.0 = Release|arm64
		{563DEA27-0667-4DAE-9A2F-C68062D655C4}.Release|x86.ActiveCfg = Release|x86
		{563DEA27-0667-4DAE-9A2F-C68062D655C4}.Release|x86.Build.0 = Release|x86
		{E5382F55-C8AE-4DDC-A806-0CFE25C9488E}.Debug|Any CPU.ActiveCfg = Debug|Any CPU
		{E5382F55-C8AE-4DDC-A806-0CFE25C9488E}.Debug|Any CPU.Build.0 = Debug|Any CPU
		{E5382F55-C8AE-4DDC-A806-0CFE25C9488E}.Debug|arm64.ActiveCfg = Debug|arm64
		{E5382F55-C8AE-4DDC-A806-0CFE25C9488E}.Debug|arm64.Build.0 = Debug|arm64
		{E5382F55-C8AE-4DDC-A806-0CFE25C9488E}.Debug|x86.ActiveCfg = Debug|x86
		{E5382F55-C8AE-4DDC-A806-0CFE25C9488E}.Debug|x86.Build.0 = Debug|x86
		{E5382F55-C8AE-4DDC-A806-0CFE25C9488E}.Release|Any CPU.ActiveCfg = Release|Any CPU
		{E5382F55-C8AE-4DDC-A806-0CFE25C9488E}.Release|Any CPU.Build.0 = Release|Any CPU
		{E5382F55-C8AE-4DDC-A806-0CFE25C9488E}.Release|arm64.ActiveCfg = Release|arm64
		{E5382F55-C8AE-4DDC-A806-0CFE25C9488E}.Release|arm64.Build.0 = Release|arm64
		{E5382F55-C8AE-4DDC-A806-0CFE25C9488E}.Release|x86.ActiveCfg = Release|x86
		{E5382F55-C8AE-4DDC-A806-0CFE25C9488E}.Release|x86.Build.0 = Release|x86
		{85707536-285E-4B51-93D8-9369FF01C5C8}.Debug|Any CPU.ActiveCfg = Debug|Any CPU
		{85707536-285E-4B51-93D8-9369FF01C5C8}.Debug|Any CPU.Build.0 = Debug|Any CPU
		{85707536-285E-4B51-93D8-9369FF01C5C8}.Debug|arm64.ActiveCfg = Debug|arm64
		{85707536-285E-4B51-93D8-9369FF01C5C8}.Debug|arm64.Build.0 = Debug|arm64
		{85707536-285E-4B51-93D8-9369FF01C5C8}.Debug|x86.ActiveCfg = Debug|x86
		{85707536-285E-4B51-93D8-9369FF01C5C8}.Debug|x86.Build.0 = Debug|x86
		{85707536-285E-4B51-93D8-9369FF01C5C8}.Release|Any CPU.ActiveCfg = Release|Any CPU
		{85707536-285E-4B51-93D8-9369FF01C5C8}.Release|Any CPU.Build.0 = Release|Any CPU
		{85707536-285E-4B51-93D8-9369FF01C5C8}.Release|arm64.ActiveCfg = Release|arm64
		{85707536-285E-4B51-93D8-9369FF01C5C8}.Release|arm64.Build.0 = Release|arm64
		{85707536-285E-4B51-93D8-9369FF01C5C8}.Release|x86.ActiveCfg = Release|x86
		{85707536-285E-4B51-93D8-9369FF01C5C8}.Release|x86.Build.0 = Release|x86
		{5FCEA0B6-7884-4C8F-8018-A0580E17C651}.Debug|Any CPU.ActiveCfg = Debug|Any CPU
		{5FCEA0B6-7884-4C8F-8018-A0580E17C651}.Debug|Any CPU.Build.0 = Debug|Any CPU
		{5FCEA0B6-7884-4C8F-8018-A0580E17C651}.Debug|arm64.ActiveCfg = Debug|arm64
		{5FCEA0B6-7884-4C8F-8018-A0580E17C651}.Debug|arm64.Build.0 = Debug|arm64
		{5FCEA0B6-7884-4C8F-8018-A0580E17C651}.Debug|x86.ActiveCfg = Debug|x86
		{5FCEA0B6-7884-4C8F-8018-A0580E17C651}.Debug|x86.Build.0 = Debug|x86
		{5FCEA0B6-7884-4C8F-8018-A0580E17C651}.Release|Any CPU.ActiveCfg = Release|Any CPU
		{5FCEA0B6-7884-4C8F-8018-A0580E17C651}.Release|Any CPU.Build.0 = Release|Any CPU
		{5FCEA0B6-7884-4C8F-8018-A0580E17C651}.Release|arm64.ActiveCfg = Release|arm64
		{5FCEA0B6-7884-4C8F-8018-A0580E17C651}.Release|arm64.Build.0 = Release|arm64
		{5FCEA0B6-7884-4C8F-8018-A0580E17C651}.Release|x86.ActiveCfg = Release|x86
		{5FCEA0B6-7884-4C8F-8018-A0580E17C651}.Release|x86.Build.0 = Release|x86
		{648669B8-0BF2-4DD7-B317-53AA91BCA7A3}.Debug|Any CPU.ActiveCfg = Debug|Any CPU
		{648669B8-0BF2-4DD7-B317-53AA91BCA7A3}.Debug|arm64.ActiveCfg = Debug|Any CPU
		{648669B8-0BF2-4DD7-B317-53AA91BCA7A3}.Debug|arm64.Build.0 = Debug|Any CPU
		{648669B8-0BF2-4DD7-B317-53AA91BCA7A3}.Debug|x86.ActiveCfg = Debug|Any CPU
		{648669B8-0BF2-4DD7-B317-53AA91BCA7A3}.Debug|x86.Build.0 = Debug|Any CPU
		{648669B8-0BF2-4DD7-B317-53AA91BCA7A3}.Release|Any CPU.ActiveCfg = Release|Any CPU
		{648669B8-0BF2-4DD7-B317-53AA91BCA7A3}.Release|arm64.ActiveCfg = Release|Any CPU
		{648669B8-0BF2-4DD7-B317-53AA91BCA7A3}.Release|arm64.Build.0 = Release|Any CPU
		{648669B8-0BF2-4DD7-B317-53AA91BCA7A3}.Release|x86.ActiveCfg = Release|Any CPU
		{648669B8-0BF2-4DD7-B317-53AA91BCA7A3}.Release|x86.Build.0 = Release|Any CPU
		{9DCB66AD-8CD8-4F30-8C1C-B06B567CBA79}.Debug|Any CPU.ActiveCfg = Debug|Any CPU
		{9DCB66AD-8CD8-4F30-8C1C-B06B567CBA79}.Debug|Any CPU.Build.0 = Debug|Any CPU
		{9DCB66AD-8CD8-4F30-8C1C-B06B567CBA79}.Debug|arm64.ActiveCfg = Debug|arm64
		{9DCB66AD-8CD8-4F30-8C1C-B06B567CBA79}.Debug|arm64.Build.0 = Debug|arm64
		{9DCB66AD-8CD8-4F30-8C1C-B06B567CBA79}.Debug|x86.ActiveCfg = Debug|x86
		{9DCB66AD-8CD8-4F30-8C1C-B06B567CBA79}.Debug|x86.Build.0 = Debug|x86
		{9DCB66AD-8CD8-4F30-8C1C-B06B567CBA79}.Release|Any CPU.ActiveCfg = Release|Any CPU
		{9DCB66AD-8CD8-4F30-8C1C-B06B567CBA79}.Release|Any CPU.Build.0 = Release|Any CPU
		{9DCB66AD-8CD8-4F30-8C1C-B06B567CBA79}.Release|arm64.ActiveCfg = Release|arm64
		{9DCB66AD-8CD8-4F30-8C1C-B06B567CBA79}.Release|arm64.Build.0 = Release|arm64
		{9DCB66AD-8CD8-4F30-8C1C-B06B567CBA79}.Release|x86.ActiveCfg = Release|x86
		{9DCB66AD-8CD8-4F30-8C1C-B06B567CBA79}.Release|x86.Build.0 = Release|x86
		{E8B03C5E-CAFF-4CFF-888F-072CDE9E8AE0}.Debug|Any CPU.ActiveCfg = Debug|Any CPU
		{E8B03C5E-CAFF-4CFF-888F-072CDE9E8AE0}.Debug|arm64.ActiveCfg = Debug|Any CPU
		{E8B03C5E-CAFF-4CFF-888F-072CDE9E8AE0}.Debug|arm64.Build.0 = Debug|Any CPU
		{E8B03C5E-CAFF-4CFF-888F-072CDE9E8AE0}.Debug|x86.ActiveCfg = Debug|Any CPU
		{E8B03C5E-CAFF-4CFF-888F-072CDE9E8AE0}.Debug|x86.Build.0 = Debug|Any CPU
		{E8B03C5E-CAFF-4CFF-888F-072CDE9E8AE0}.Release|Any CPU.ActiveCfg = Release|Any CPU
		{E8B03C5E-CAFF-4CFF-888F-072CDE9E8AE0}.Release|arm64.ActiveCfg = Release|Any CPU
		{E8B03C5E-CAFF-4CFF-888F-072CDE9E8AE0}.Release|arm64.Build.0 = Release|Any CPU
		{E8B03C5E-CAFF-4CFF-888F-072CDE9E8AE0}.Release|x86.ActiveCfg = Release|Any CPU
		{E8B03C5E-CAFF-4CFF-888F-072CDE9E8AE0}.Release|x86.Build.0 = Release|Any CPU
		{9785E8D6-BB81-4C15-B4CD-BAE4E93569DD}.Debug|Any CPU.ActiveCfg = Debug|Any CPU
		{9785E8D6-BB81-4C15-B4CD-BAE4E93569DD}.Debug|Any CPU.Build.0 = Debug|Any CPU
		{9785E8D6-BB81-4C15-B4CD-BAE4E93569DD}.Debug|arm64.ActiveCfg = Debug|arm64
		{9785E8D6-BB81-4C15-B4CD-BAE4E93569DD}.Debug|arm64.Build.0 = Debug|arm64
		{9785E8D6-BB81-4C15-B4CD-BAE4E93569DD}.Debug|x86.ActiveCfg = Debug|x86
		{9785E8D6-BB81-4C15-B4CD-BAE4E93569DD}.Debug|x86.Build.0 = Debug|x86
		{9785E8D6-BB81-4C15-B4CD-BAE4E93569DD}.Release|Any CPU.ActiveCfg = Release|Any CPU
		{9785E8D6-BB81-4C15-B4CD-BAE4E93569DD}.Release|Any CPU.Build.0 = Release|Any CPU
		{9785E8D6-BB81-4C15-B4CD-BAE4E93569DD}.Release|arm64.ActiveCfg = Release|arm64
		{9785E8D6-BB81-4C15-B4CD-BAE4E93569DD}.Release|arm64.Build.0 = Release|arm64
		{9785E8D6-BB81-4C15-B4CD-BAE4E93569DD}.Release|x86.ActiveCfg = Release|x86
		{9785E8D6-BB81-4C15-B4CD-BAE4E93569DD}.Release|x86.Build.0 = Release|x86
		{CC213922-86EF-4431-B29F-C6744556A748}.Debug|Any CPU.ActiveCfg = Debug|Any CPU
		{CC213922-86EF-4431-B29F-C6744556A748}.Debug|Any CPU.Build.0 = Debug|Any CPU
		{CC213922-86EF-4431-B29F-C6744556A748}.Debug|arm64.ActiveCfg = Debug|arm64
		{CC213922-86EF-4431-B29F-C6744556A748}.Debug|arm64.Build.0 = Debug|arm64
		{CC213922-86EF-4431-B29F-C6744556A748}.Debug|x86.ActiveCfg = Debug|x86
		{CC213922-86EF-4431-B29F-C6744556A748}.Debug|x86.Build.0 = Debug|x86
		{CC213922-86EF-4431-B29F-C6744556A748}.Release|Any CPU.ActiveCfg = Release|Any CPU
		{CC213922-86EF-4431-B29F-C6744556A748}.Release|Any CPU.Build.0 = Release|Any CPU
		{CC213922-86EF-4431-B29F-C6744556A748}.Release|arm64.ActiveCfg = Release|arm64
		{CC213922-86EF-4431-B29F-C6744556A748}.Release|arm64.Build.0 = Release|arm64
		{CC213922-86EF-4431-B29F-C6744556A748}.Release|x86.ActiveCfg = Release|x86
		{CC213922-86EF-4431-B29F-C6744556A748}.Release|x86.Build.0 = Release|x86
		{3837D7D5-7458-4CE4-8D63-BFDAF844DFCF}.Debug|Any CPU.ActiveCfg = Debug|Any CPU
		{3837D7D5-7458-4CE4-8D63-BFDAF844DFCF}.Debug|Any CPU.Build.0 = Debug|Any CPU
		{3837D7D5-7458-4CE4-8D63-BFDAF844DFCF}.Debug|arm64.ActiveCfg = Debug|arm64
		{3837D7D5-7458-4CE4-8D63-BFDAF844DFCF}.Debug|arm64.Build.0 = Debug|arm64
		{3837D7D5-7458-4CE4-8D63-BFDAF844DFCF}.Debug|x86.ActiveCfg = Debug|x86
		{3837D7D5-7458-4CE4-8D63-BFDAF844DFCF}.Debug|x86.Build.0 = Debug|x86
		{3837D7D5-7458-4CE4-8D63-BFDAF844DFCF}.Release|Any CPU.ActiveCfg = Release|Any CPU
		{3837D7D5-7458-4CE4-8D63-BFDAF844DFCF}.Release|Any CPU.Build.0 = Release|Any CPU
		{3837D7D5-7458-4CE4-8D63-BFDAF844DFCF}.Release|arm64.ActiveCfg = Release|arm64
		{3837D7D5-7458-4CE4-8D63-BFDAF844DFCF}.Release|arm64.Build.0 = Release|arm64
		{3837D7D5-7458-4CE4-8D63-BFDAF844DFCF}.Release|x86.ActiveCfg = Release|x86
		{3837D7D5-7458-4CE4-8D63-BFDAF844DFCF}.Release|x86.Build.0 = Release|x86
		{F718A24B-D011-41F9-8467-4D1F1DEC538A}.Debug|Any CPU.ActiveCfg = Debug|Any CPU
		{F718A24B-D011-41F9-8467-4D1F1DEC538A}.Debug|Any CPU.Build.0 = Debug|Any CPU
		{F718A24B-D011-41F9-8467-4D1F1DEC538A}.Debug|arm64.ActiveCfg = Debug|Any CPU
		{F718A24B-D011-41F9-8467-4D1F1DEC538A}.Debug|arm64.Build.0 = Debug|Any CPU
		{F718A24B-D011-41F9-8467-4D1F1DEC538A}.Debug|x86.ActiveCfg = Debug|Any CPU
		{F718A24B-D011-41F9-8467-4D1F1DEC538A}.Debug|x86.Build.0 = Debug|Any CPU
		{F718A24B-D011-41F9-8467-4D1F1DEC538A}.Release|Any CPU.ActiveCfg = Release|Any CPU
		{F718A24B-D011-41F9-8467-4D1F1DEC538A}.Release|Any CPU.Build.0 = Release|Any CPU
		{F718A24B-D011-41F9-8467-4D1F1DEC538A}.Release|arm64.ActiveCfg = Release|Any CPU
		{F718A24B-D011-41F9-8467-4D1F1DEC538A}.Release|arm64.Build.0 = Release|Any CPU
		{F718A24B-D011-41F9-8467-4D1F1DEC538A}.Release|x86.ActiveCfg = Release|Any CPU
		{F718A24B-D011-41F9-8467-4D1F1DEC538A}.Release|x86.Build.0 = Release|Any CPU
		{CFE58BC0-68EB-4191-857C-B725909FA0CA}.Debug|Any CPU.ActiveCfg = Debug|Any CPU
		{CFE58BC0-68EB-4191-857C-B725909FA0CA}.Debug|Any CPU.Build.0 = Debug|Any CPU
		{CFE58BC0-68EB-4191-857C-B725909FA0CA}.Debug|arm64.ActiveCfg = Debug|Any CPU
		{CFE58BC0-68EB-4191-857C-B725909FA0CA}.Debug|arm64.Build.0 = Debug|Any CPU
		{CFE58BC0-68EB-4191-857C-B725909FA0CA}.Debug|x86.ActiveCfg = Debug|Any CPU
		{CFE58BC0-68EB-4191-857C-B725909FA0CA}.Debug|x86.Build.0 = Debug|Any CPU
		{CFE58BC0-68EB-4191-857C-B725909FA0CA}.Release|Any CPU.ActiveCfg = Release|Any CPU
		{CFE58BC0-68EB-4191-857C-B725909FA0CA}.Release|Any CPU.Build.0 = Release|Any CPU
		{CFE58BC0-68EB-4191-857C-B725909FA0CA}.Release|arm64.ActiveCfg = Release|Any CPU
		{CFE58BC0-68EB-4191-857C-B725909FA0CA}.Release|arm64.Build.0 = Release|Any CPU
		{CFE58BC0-68EB-4191-857C-B725909FA0CA}.Release|x86.ActiveCfg = Release|Any CPU
		{CFE58BC0-68EB-4191-857C-B725909FA0CA}.Release|x86.Build.0 = Release|Any CPU
		{F62AA38A-1E8F-43AE-80E3-BB5AB524FE27}.Debug|Any CPU.ActiveCfg = Debug|Any CPU
		{F62AA38A-1E8F-43AE-80E3-BB5AB524FE27}.Debug|Any CPU.Build.0 = Debug|Any CPU
		{F62AA38A-1E8F-43AE-80E3-BB5AB524FE27}.Debug|arm64.ActiveCfg = Debug|Any CPU
		{F62AA38A-1E8F-43AE-80E3-BB5AB524FE27}.Debug|arm64.Build.0 = Debug|Any CPU
		{F62AA38A-1E8F-43AE-80E3-BB5AB524FE27}.Debug|x86.ActiveCfg = Debug|Any CPU
		{F62AA38A-1E8F-43AE-80E3-BB5AB524FE27}.Debug|x86.Build.0 = Debug|Any CPU
		{F62AA38A-1E8F-43AE-80E3-BB5AB524FE27}.Release|Any CPU.ActiveCfg = Release|Any CPU
		{F62AA38A-1E8F-43AE-80E3-BB5AB524FE27}.Release|Any CPU.Build.0 = Release|Any CPU
		{F62AA38A-1E8F-43AE-80E3-BB5AB524FE27}.Release|arm64.ActiveCfg = Release|Any CPU
		{F62AA38A-1E8F-43AE-80E3-BB5AB524FE27}.Release|arm64.Build.0 = Release|Any CPU
		{F62AA38A-1E8F-43AE-80E3-BB5AB524FE27}.Release|x86.ActiveCfg = Release|Any CPU
		{F62AA38A-1E8F-43AE-80E3-BB5AB524FE27}.Release|x86.Build.0 = Release|Any CPU
		{2A9732BC-8ED7-4974-986F-4715E3EF6BD4}.Debug|Any CPU.ActiveCfg = Debug|Any CPU
		{2A9732BC-8ED7-4974-986F-4715E3EF6BD4}.Debug|Any CPU.Build.0 = Debug|Any CPU
		{2A9732BC-8ED7-4974-986F-4715E3EF6BD4}.Debug|arm64.ActiveCfg = Debug|Any CPU
		{2A9732BC-8ED7-4974-986F-4715E3EF6BD4}.Debug|arm64.Build.0 = Debug|Any CPU
		{2A9732BC-8ED7-4974-986F-4715E3EF6BD4}.Debug|x86.ActiveCfg = Debug|Any CPU
		{2A9732BC-8ED7-4974-986F-4715E3EF6BD4}.Debug|x86.Build.0 = Debug|Any CPU
		{2A9732BC-8ED7-4974-986F-4715E3EF6BD4}.Release|Any CPU.ActiveCfg = Release|Any CPU
		{2A9732BC-8ED7-4974-986F-4715E3EF6BD4}.Release|Any CPU.Build.0 = Release|Any CPU
		{2A9732BC-8ED7-4974-986F-4715E3EF6BD4}.Release|arm64.ActiveCfg = Release|Any CPU
		{2A9732BC-8ED7-4974-986F-4715E3EF6BD4}.Release|arm64.Build.0 = Release|Any CPU
		{2A9732BC-8ED7-4974-986F-4715E3EF6BD4}.Release|x86.ActiveCfg = Release|Any CPU
		{2A9732BC-8ED7-4974-986F-4715E3EF6BD4}.Release|x86.Build.0 = Release|Any CPU
		{EC48580F-E2F5-4F30-9BB0-D121E94EE444}.Debug|Any CPU.ActiveCfg = Debug|Any CPU
		{EC48580F-E2F5-4F30-9BB0-D121E94EE444}.Debug|Any CPU.Build.0 = Debug|Any CPU
		{EC48580F-E2F5-4F30-9BB0-D121E94EE444}.Debug|arm64.ActiveCfg = Debug|Any CPU
		{EC48580F-E2F5-4F30-9BB0-D121E94EE444}.Debug|arm64.Build.0 = Debug|Any CPU
		{EC48580F-E2F5-4F30-9BB0-D121E94EE444}.Debug|x86.ActiveCfg = Debug|Any CPU
		{EC48580F-E2F5-4F30-9BB0-D121E94EE444}.Debug|x86.Build.0 = Debug|Any CPU
		{EC48580F-E2F5-4F30-9BB0-D121E94EE444}.Release|Any CPU.ActiveCfg = Release|Any CPU
		{EC48580F-E2F5-4F30-9BB0-D121E94EE444}.Release|Any CPU.Build.0 = Release|Any CPU
		{EC48580F-E2F5-4F30-9BB0-D121E94EE444}.Release|arm64.ActiveCfg = Release|Any CPU
		{EC48580F-E2F5-4F30-9BB0-D121E94EE444}.Release|arm64.Build.0 = Release|Any CPU
		{EC48580F-E2F5-4F30-9BB0-D121E94EE444}.Release|x86.ActiveCfg = Release|Any CPU
		{EC48580F-E2F5-4F30-9BB0-D121E94EE444}.Release|x86.Build.0 = Release|Any CPU
		{B148590C-15CC-4B94-AE9B-5A7420F72929}.Debug|Any CPU.ActiveCfg = Debug|Any CPU
		{B148590C-15CC-4B94-AE9B-5A7420F72929}.Debug|Any CPU.Build.0 = Debug|Any CPU
		{B148590C-15CC-4B94-AE9B-5A7420F72929}.Debug|arm64.ActiveCfg = Debug|Any CPU
		{B148590C-15CC-4B94-AE9B-5A7420F72929}.Debug|arm64.Build.0 = Debug|Any CPU
		{B148590C-15CC-4B94-AE9B-5A7420F72929}.Debug|x86.ActiveCfg = Debug|Any CPU
		{B148590C-15CC-4B94-AE9B-5A7420F72929}.Debug|x86.Build.0 = Debug|Any CPU
		{B148590C-15CC-4B94-AE9B-5A7420F72929}.Release|Any CPU.ActiveCfg = Release|Any CPU
		{B148590C-15CC-4B94-AE9B-5A7420F72929}.Release|Any CPU.Build.0 = Release|Any CPU
		{B148590C-15CC-4B94-AE9B-5A7420F72929}.Release|arm64.ActiveCfg = Release|Any CPU
		{B148590C-15CC-4B94-AE9B-5A7420F72929}.Release|arm64.Build.0 = Release|Any CPU
		{B148590C-15CC-4B94-AE9B-5A7420F72929}.Release|x86.ActiveCfg = Release|Any CPU
		{B148590C-15CC-4B94-AE9B-5A7420F72929}.Release|x86.Build.0 = Release|Any CPU
		{5C65A412-F42D-4BF8-B337-3B38BF95B58E}.Debug|Any CPU.ActiveCfg = Debug|Any CPU
		{5C65A412-F42D-4BF8-B337-3B38BF95B58E}.Debug|Any CPU.Build.0 = Debug|Any CPU
		{5C65A412-F42D-4BF8-B337-3B38BF95B58E}.Debug|arm64.ActiveCfg = Debug|Any CPU
		{5C65A412-F42D-4BF8-B337-3B38BF95B58E}.Debug|arm64.Build.0 = Debug|Any CPU
		{5C65A412-F42D-4BF8-B337-3B38BF95B58E}.Debug|x86.ActiveCfg = Debug|Any CPU
		{5C65A412-F42D-4BF8-B337-3B38BF95B58E}.Debug|x86.Build.0 = Debug|Any CPU
		{5C65A412-F42D-4BF8-B337-3B38BF95B58E}.Release|Any CPU.ActiveCfg = Release|Any CPU
		{5C65A412-F42D-4BF8-B337-3B38BF95B58E}.Release|Any CPU.Build.0 = Release|Any CPU
		{5C65A412-F42D-4BF8-B337-3B38BF95B58E}.Release|arm64.ActiveCfg = Release|Any CPU
		{5C65A412-F42D-4BF8-B337-3B38BF95B58E}.Release|arm64.Build.0 = Release|Any CPU
		{5C65A412-F42D-4BF8-B337-3B38BF95B58E}.Release|x86.ActiveCfg = Release|Any CPU
		{5C65A412-F42D-4BF8-B337-3B38BF95B58E}.Release|x86.Build.0 = Release|Any CPU
		{79BA577D-9FFE-4958-84E7-B4904B3790E5}.Debug|Any CPU.ActiveCfg = Debug|Any CPU
		{79BA577D-9FFE-4958-84E7-B4904B3790E5}.Debug|Any CPU.Build.0 = Debug|Any CPU
		{79BA577D-9FFE-4958-84E7-B4904B3790E5}.Debug|arm64.ActiveCfg = Debug|arm64
		{79BA577D-9FFE-4958-84E7-B4904B3790E5}.Debug|arm64.Build.0 = Debug|arm64
		{79BA577D-9FFE-4958-84E7-B4904B3790E5}.Debug|x86.ActiveCfg = Debug|x86
		{79BA577D-9FFE-4958-84E7-B4904B3790E5}.Debug|x86.Build.0 = Debug|x86
		{79BA577D-9FFE-4958-84E7-B4904B3790E5}.Release|Any CPU.ActiveCfg = Release|Any CPU
		{79BA577D-9FFE-4958-84E7-B4904B3790E5}.Release|Any CPU.Build.0 = Release|Any CPU
		{79BA577D-9FFE-4958-84E7-B4904B3790E5}.Release|arm64.ActiveCfg = Release|arm64
		{79BA577D-9FFE-4958-84E7-B4904B3790E5}.Release|arm64.Build.0 = Release|arm64
		{79BA577D-9FFE-4958-84E7-B4904B3790E5}.Release|x86.ActiveCfg = Release|x86
		{79BA577D-9FFE-4958-84E7-B4904B3790E5}.Release|x86.Build.0 = Release|x86
		{9582C6FA-5CE4-49CF-A05C-296E1DD479F5}.Debug|Any CPU.ActiveCfg = Debug|Any CPU
		{9582C6FA-5CE4-49CF-A05C-296E1DD479F5}.Debug|Any CPU.Build.0 = Debug|Any CPU
		{9582C6FA-5CE4-49CF-A05C-296E1DD479F5}.Debug|arm64.ActiveCfg = Debug|arm64
		{9582C6FA-5CE4-49CF-A05C-296E1DD479F5}.Debug|arm64.Build.0 = Debug|arm64
		{9582C6FA-5CE4-49CF-A05C-296E1DD479F5}.Debug|x86.ActiveCfg = Debug|x86
		{9582C6FA-5CE4-49CF-A05C-296E1DD479F5}.Debug|x86.Build.0 = Debug|x86
		{9582C6FA-5CE4-49CF-A05C-296E1DD479F5}.Release|Any CPU.ActiveCfg = Release|Any CPU
		{9582C6FA-5CE4-49CF-A05C-296E1DD479F5}.Release|Any CPU.Build.0 = Release|Any CPU
		{9582C6FA-5CE4-49CF-A05C-296E1DD479F5}.Release|arm64.ActiveCfg = Release|arm64
		{9582C6FA-5CE4-49CF-A05C-296E1DD479F5}.Release|arm64.Build.0 = Release|arm64
		{9582C6FA-5CE4-49CF-A05C-296E1DD479F5}.Release|x86.ActiveCfg = Release|x86
		{9582C6FA-5CE4-49CF-A05C-296E1DD479F5}.Release|x86.Build.0 = Release|x86
	EndGlobalSection
	GlobalSection(SolutionProperties) = preSolution
		HideSolutionNode = FALSE
	EndGlobalSection
	GlobalSection(NestedProjects) = preSolution
		{B88BF866-7DEC-44C5-8355-3248F09D0B76} = {807F1FD9-3099-4219-A37E-E7FF9386D1D3}
		{3557CD16-1902-41D5-9220-589D3194F92F} = {819EDFAB-A55A-4A8B-A6FC-35D4DCBA4148}
		{728CBA5C-DF35-4126-AF30-F872BFDC67B3} = {8E38F12F-4DCA-4BEC-A8C7-50882F87F482}
		{563DEA27-0667-4DAE-9A2F-C68062D655C4} = {0DBBBFE2-9889-40EC-94D0-DB18C3898412}
		{E5382F55-C8AE-4DDC-A806-0CFE25C9488E} = {0DBBBFE2-9889-40EC-94D0-DB18C3898412}
		{85707536-285E-4B51-93D8-9369FF01C5C8} = {E0281330-9989-4F63-9797-3A81E3D88FFA}
		{5FCEA0B6-7884-4C8F-8018-A0580E17C651} = {E0281330-9989-4F63-9797-3A81E3D88FFA}
		{648669B8-0BF2-4DD7-B317-53AA91BCA7A3} = {E0281330-9989-4F63-9797-3A81E3D88FFA}
		{9DCB66AD-8CD8-4F30-8C1C-B06B567CBA79} = {82C60A8C-3965-42A9-A132-4B20CCFE111E}
		{E8B03C5E-CAFF-4CFF-888F-072CDE9E8AE0} = {82C60A8C-3965-42A9-A132-4B20CCFE111E}
		{9785E8D6-BB81-4C15-B4CD-BAE4E93569DD} = {82C60A8C-3965-42A9-A132-4B20CCFE111E}
		{CC213922-86EF-4431-B29F-C6744556A748} = {0B027C57-568A-4013-A990-4FC98E6D0AA1}
		{3837D7D5-7458-4CE4-8D63-BFDAF844DFCF} = {42A6B588-D708-4779-96A2-67F28CA9EBA4}
		{F718A24B-D011-41F9-8467-4D1F1DEC538A} = {C7690613-AA94-4E92-B879-3EACE796BB3C}
		{CFE58BC0-68EB-4191-857C-B725909FA0CA} = {C7690613-AA94-4E92-B879-3EACE796BB3C}
		{F62AA38A-1E8F-43AE-80E3-BB5AB524FE27} = {C7690613-AA94-4E92-B879-3EACE796BB3C}
		{2A9732BC-8ED7-4974-986F-4715E3EF6BD4} = {C7690613-AA94-4E92-B879-3EACE796BB3C}
		{EC48580F-E2F5-4F30-9BB0-D121E94EE444} = {C7690613-AA94-4E92-B879-3EACE796BB3C}
		{B148590C-15CC-4B94-AE9B-5A7420F72929} = {C7690613-AA94-4E92-B879-3EACE796BB3C}
		{5C65A412-F42D-4BF8-B337-3B38BF95B58E} = {C7690613-AA94-4E92-B879-3EACE796BB3C}
		{79BA577D-9FFE-4958-84E7-B4904B3790E5} = {C7690613-AA94-4E92-B879-3EACE796BB3C}
		{9582C6FA-5CE4-49CF-A05C-296E1DD479F5} = {C7690613-AA94-4E92-B879-3EACE796BB3C}
	EndGlobalSection
	GlobalSection(ExtensibilityGlobals) = postSolution
		SolutionGuid = {93A9A931-CC48-4014-AFB3-46F1A6302324}
	EndGlobalSection
EndGlobal
